
Microsoft Visual Studio Solution File, Format Version 12.00
# Visual Studio 14
VisualStudioVersion = 14.0.25420.1
MinimumVisualStudioVersion = 10.0.40219.1
Project("{FAE04EC0-301F-11D3-BF4B-00C04F79EFBC}") = "cdp-cli", "cdp-cli.csproj", "{32A7D189-2326-4EBE-ACB3-F26298CF83D3}"
EndProject
Project("{FAE04EC0-301F-11D3-BF4B-00C04F79EFBC}") = "cdp-lib", "node_modules\cdp-lib\cdp-lib.csproj", "{F9A5D755-422F-488A-BDD7-E28BB2717ED6}"
EndProject
Global
	GlobalSection(SolutionConfigurationPlatforms) = preSolution
		Debug|Any CPU = Debug|Any CPU
		Release|Any CPU = Release|Any CPU
	EndGlobalSection
	GlobalSection(ProjectConfigurationPlatforms) = postSolution
		{32A7D189-2326-4EBE-ACB3-F26298CF83D3}.Debug|Any CPU.ActiveCfg = Debug|Any CPU
		{32A7D189-2326-4EBE-ACB3-F26298CF83D3}.Debug|Any CPU.Build.0 = Debug|Any CPU
		{32A7D189-2326-4EBE-ACB3-F26298CF83D3}.Release|Any CPU.ActiveCfg = Release|Any CPU
		{32A7D189-2326-4EBE-ACB3-F26298CF83D3}.Release|Any CPU.Build.0 = Release|Any CPU
		{F9A5D755-422F-488A-BDD7-E28BB2717ED6}.Debug|Any CPU.ActiveCfg = Debug|Any CPU
		{F9A5D755-422F-488A-BDD7-E28BB2717ED6}.Debug|Any CPU.Build.0 = Debug|Any CPU
		{F9A5D755-422F-488A-BDD7-E28BB2717ED6}.Release|Any CPU.ActiveCfg = Release|Any CPU
		{F9A5D755-422F-488A-BDD7-E28BB2717ED6}.Release|Any CPU.Build.0 = Release|Any CPU
	EndGlobalSection
	GlobalSection(SolutionProperties) = preSolution
		HideSolutionNode = FALSE
	EndGlobalSection
EndGlobal
